
Microsoft Visual Studio Solution File, Format Version 12.00
# Visual Studio Version 17
VisualStudioVersion = 17.8.34316.72
MinimumVisualStudioVersion = 10.0.40219.1
Project("{FAE04EC0-301F-11D3-BF4B-00C04F79EFBC}") = "ATS", "ATS\ATS.csproj", "{E9C91CB6-B843-4B8B-89E8-A52032E570E4}"
EndProject
Global
	GlobalSection(SolutionConfigurationPlatforms) = preSolution
		Debug|Any CPU = Debug|Any CPU
		Release|Any CPU = Release|Any CPU
	EndGlobalSection
	GlobalSection(ProjectConfigurationPlatforms) = postSolution
		{E9C91CB6-B843-4B8B-89E8-A52032E570E4}.Debug|Any CPU.ActiveCfg = Debug|Any CPU
		{E9C91CB6-B843-4B8B-89E8-A52032E570E4}.Debug|Any CPU.Build.0 = Debug|Any CPU
		{E9C91CB6-B843-4B8B-89E8-A52032E570E4}.Release|Any CPU.ActiveCfg = Release|Any CPU
		{E9C91CB6-B843-4B8B-89E8-A52032E570E4}.Release|Any CPU.Build.0 = Release|Any CPU
	EndGlobalSection
	GlobalSection(SolutionProperties) = preSolution
		HideSolutionNode = FALSE
	EndGlobalSection
	GlobalSection(ExtensibilityGlobals) = postSolution
		SolutionGuid = {BD41BDE7-ED71-4C78-A3D2-E6E25181E7C1}
	EndGlobalSection
EndGlobal
